
Microsoft Visual Studio Solution File, Format Version 12.00
# Visual Studio 15
VisualStudioVersion = 15.0.26124.0
MinimumVisualStudioVersion = 15.0.26124.0
Project("{2150E333-8FDC-42A3-9474-1A3956D46DE8}") = "src", "src", "{D9A20C4E-2EC7-4291-ABAA-6A6704DF440D}"
EndProject
Project("{FAE04EC0-301F-11D3-BF4B-00C04F79EFBC}") = "TensorflowNet.Data", "src\TensorflowNet.Data\TensorflowNet.Data.csproj", "{9C86CAA9-AD88-4100-983D-6FD3439899F8}"
EndProject
Project("{2150E333-8FDC-42A3-9474-1A3956D46DE8}") = "test", "test", "{CD2A209B-2538-4249-BB61-06D6A82A0FB1}"
EndProject
Project("{FAE04EC0-301F-11D3-BF4B-00C04F79EFBC}") = "Test", "test\Test\Test.csproj", "{24D3749B-3179-4D1D-8C9E-F9440E24748E}"
EndProject
Global
	GlobalSection(SolutionConfigurationPlatforms) = preSolution
		Debug|Any CPU = Debug|Any CPU
		Debug|x64 = Debug|x64
		Debug|x86 = Debug|x86
		Release|Any CPU = Release|Any CPU
		Release|x64 = Release|x64
		Release|x86 = Release|x86
	EndGlobalSection
	GlobalSection(SolutionProperties) = preSolution
		HideSolutionNode = FALSE
	EndGlobalSection
	GlobalSection(ProjectConfigurationPlatforms) = postSolution
		{9C86CAA9-AD88-4100-983D-6FD3439899F8}.Debug|Any CPU.ActiveCfg = Debug|Any CPU
		{9C86CAA9-AD88-4100-983D-6FD3439899F8}.Debug|Any CPU.Build.0 = Debug|Any CPU
		{9C86CAA9-AD88-4100-983D-6FD3439899F8}.Debug|x64.ActiveCfg = Debug|Any CPU
		{9C86CAA9-AD88-4100-983D-6FD3439899F8}.Debug|x64.Build.0 = Debug|Any CPU
		{9C86CAA9-AD88-4100-983D-6FD3439899F8}.Debug|x86.ActiveCfg = Debug|Any CPU
		{9C86CAA9-AD88-4100-983D-6FD3439899F8}.Debug|x86.Build.0 = Debug|Any CPU
		{9C86CAA9-AD88-4100-983D-6FD3439899F8}.Release|Any CPU.ActiveCfg = Release|Any CPU
		{9C86CAA9-AD88-4100-983D-6FD3439899F8}.Release|Any CPU.Build.0 = Release|Any CPU
		{9C86CAA9-AD88-4100-983D-6FD3439899F8}.Release|x64.ActiveCfg = Release|Any CPU
		{9C86CAA9-AD88-4100-983D-6FD3439899F8}.Release|x64.Build.0 = Release|Any CPU
		{9C86CAA9-AD88-4100-983D-6FD3439899F8}.Release|x86.ActiveCfg = Release|Any CPU
		{9C86CAA9-AD88-4100-983D-6FD3439899F8}.Release|x86.Build.0 = Release|Any CPU
		{24D3749B-3179-4D1D-8C9E-F9440E24748E}.Debug|Any CPU.ActiveCfg = Debug|Any CPU
		{24D3749B-3179-4D1D-8C9E-F9440E24748E}.Debug|Any CPU.Build.0 = Debug|Any CPU
		{24D3749B-3179-4D1D-8C9E-F9440E24748E}.Debug|x64.ActiveCfg = Debug|Any CPU
		{24D3749B-3179-4D1D-8C9E-F9440E24748E}.Debug|x64.Build.0 = Debug|Any CPU
		{24D3749B-3179-4D1D-8C9E-F9440E24748E}.Debug|x86.ActiveCfg = Debug|Any CPU
		{24D3749B-3179-4D1D-8C9E-F9440E24748E}.Debug|x86.Build.0 = Debug|Any CPU
		{24D3749B-3179-4D1D-8C9E-F9440E24748E}.Release|Any CPU.ActiveCfg = Release|Any CPU
		{24D3749B-3179-4D1D-8C9E-F9440E24748E}.Release|Any CPU.Build.0 = Release|Any CPU
		{24D3749B-3179-4D1D-8C9E-F9440E24748E}.Release|x64.ActiveCfg = Release|Any CPU
		{24D3749B-3179-4D1D-8C9E-F9440E24748E}.Release|x64.Build.0 = Release|Any CPU
		{24D3749B-3179-4D1D-8C9E-F9440E24748E}.Release|x86.ActiveCfg = Release|Any CPU
		{24D3749B-3179-4D1D-8C9E-F9440E24748E}.Release|x86.Build.0 = Release|Any CPU
	EndGlobalSection
	GlobalSection(NestedProjects) = preSolution
		{9C86CAA9-AD88-4100-983D-6FD3439899F8} = {D9A20C4E-2EC7-4291-ABAA-6A6704DF440D}
		{24D3749B-3179-4D1D-8C9E-F9440E24748E} = {CD2A209B-2538-4249-BB61-06D6A82A0FB1}
	EndGlobalSection
EndGlobal
